// !$*UTF8*$!
{
	archiveVersion = 1;
	classes = {
	};
	objectVersion = 56;
	objects = {

/* Begin PBXBuildFile section */
		1EA647082FB9F55E004F58B9 /* RoomlyApp.swift in Sources */ = {isa = PBXBuildFile; fileRef = 1EA647072FB9F55E004F58B9 /* RoomlyApp.swift */; };
		1EA6470A2FB9F55E004F58B9 /* ContentView.swift in Sources */ = {isa = PBXBuildFile; fileRef = 1EA647092FB9F55E004F58B9 /* ContentView.swift */; };
		1EA6470C2FB9F561004F58B9 /* Assets.xcassets in Resources */ = {isa = PBXBuildFile; fileRef = 1EA6470B2FB9F561004F58B9 /* Assets.xcassets */; };
		1EA6470F2FB9F561004F58B9 /* Preview Assets.xcassets in Resources */ = {isa = PBXBuildFile; fileRef = 1EA6470E2FB9F561004F58B9 /* Preview Assets.xcassets */; };
		1EA647192FB9F561004F58B9 /* RoomlyTests.swift in Sources */ = {isa = PBXBuildFile; fileRef = 1EA647182FB9F561004F58B9 /* RoomlyTests.swift */; };
		1EA647232FB9F561004F58B9 /* RoomlyUITests.swift in Sources */ = {isa = PBXBuildFile; fileRef = 1EA647222FB9F561004F58B9 /* RoomlyUITests.swift */; };
		1EA647252FB9F561004F58B9 /* RoomlyUITestsLaunchTests.swift in Sources */ = {isa = PBXBuildFile; fileRef = 1EA647242FB9F561004F58B9 /* RoomlyUITestsLaunchTests.swift */; };
		2F0000012FB9FA00004F58B9 /* WeatherMockData.swift in Sources */ = {isa = PBXBuildFile; fileRef = 2F0000112FB9FA00004F58B9 /* WeatherMockData.swift */; };
		2F0000022FB9FA00004F58B9 /* RoomlyTheme.swift in Sources */ = {isa = PBXBuildFile; fileRef = 2F0000122FB9FA00004F58B9 /* RoomlyTheme.swift */; };
		2F0000032FB9FA00004F58B9 /* RoomlyComponents.swift in Sources */ = {isa = PBXBuildFile; fileRef = 2F0000132FB9FA00004F58B9 /* RoomlyComponents.swift */; };
		2F0000042FB9FA00004F58B9 /* RoomlyRootView.swift in Sources */ = {isa = PBXBuildFile; fileRef = 2F0000142FB9FA00004F58B9 /* RoomlyRootView.swift */; };
		2F0000052FB9FA00004F58B9 /* HomeView.swift in Sources */ = {isa = PBXBuildFile; fileRef = 2F0000152FB9FA00004F58B9 /* HomeView.swift */; };
		2F0000062FB9FA00004F58B9 /* ForecastView.swift in Sources */ = {isa = PBXBuildFile; fileRef = 2F0000162FB9FA00004F58B9 /* ForecastView.swift */; };
		2F0000072FB9FA00004F58B9 /* SettingsView.swift in Sources */ = {isa = PBXBuildFile; fileRef = 2F0000172FB9FA00004F58B9 /* SettingsView.swift */; };
		2F0000082FB9FA00004F58B9 /* PaywallView.swift in Sources */ = {isa = PBXBuildFile; fileRef = 2F0000182FB9FA00004F58B9 /* PaywallView.swift */; };
		2F0000092FB9FA00004F58B9 /* OnboardingMockData.swift in Sources */ = {isa = PBXBuildFile; fileRef = 2F0000192FB9FA00004F58B9 /* OnboardingMockData.swift */; };
		2F00000A2FB9FA00004F58B9 /* OnboardingView.swift in Sources */ = {isa = PBXBuildFile; fileRef = 2F00001A2FB9FA00004F58B9 /* OnboardingView.swift */; };
		2F00000B2FB9FA00004F58B9 /* AppSettings.swift in Sources */ = {isa = PBXBuildFile; fileRef = 2F00001B2FB9FA00004F58B9 /* AppSettings.swift */; };
		2F0000302FB9FA00004F58B9 /* RoomSetupView.swift in Sources */ = {isa = PBXBuildFile; fileRef = 2F0000342FB9FA00004F58B9 /* RoomSetupView.swift */; };
		2F0000312FB9FA00004F58B9 /* RoomDetailView.swift in Sources */ = {isa = PBXBuildFile; fileRef = 2F0000352FB9FA00004F58B9 /* RoomDetailView.swift */; };
		2F0000322FB9FA00004F58B9 /* WeatherInfoView.swift in Sources */ = {isa = PBXBuildFile; fileRef = 2F0000362FB9FA00004F58B9 /* WeatherInfoView.swift */; };
		2F0000332FB9FA00004F58B9 /* MonthlyOutlookView.swift in Sources */ = {isa = PBXBuildFile; fileRef = 2F0000372FB9FA00004F58B9 /* MonthlyOutlookView.swift */; };
		2F0000382FB9FA00004F58B9 /* WeatherService.swift in Sources */ = {isa = PBXBuildFile; fileRef = 2F00003C2FB9FA00004F58B9 /* WeatherService.swift */; };
		2F0000392FB9FA00004F58B9 /* WeatherViewModel.swift in Sources */ = {isa = PBXBuildFile; fileRef = 2F00003D2FB9FA00004F58B9 /* WeatherViewModel.swift */; };
		2F00003A2FB9FA00004F58B9 /* SettingsViewModel.swift in Sources */ = {isa = PBXBuildFile; fileRef = 2F00003E2FB9FA00004F58B9 /* SettingsViewModel.swift */; };
		2F00003B2FB9FA00004F58B9 /* SubscriptionViewModel.swift in Sources */ = {isa = PBXBuildFile; fileRef = 2F00003F2FB9FA00004F58B9 /* SubscriptionViewModel.swift */; };
		2F0000402FB9FA00004F58B9 /* LocationService.swift in Sources */ = {isa = PBXBuildFile; fileRef = 2F0000422FB9FA00004F58B9 /* LocationService.swift */; };
		2F0000412FB9FA00004F58B9 /* LocationViewModel.swift in Sources */ = {isa = PBXBuildFile; fileRef = 2F0000432FB9FA00004F58B9 /* LocationViewModel.swift */; };
		2F0000442FB9FA00004F58B9 /* ManualLocationView.swift in Sources */ = {isa = PBXBuildFile; fileRef = 2F0000452FB9FA00004F58B9 /* ManualLocationView.swift */; };
		2F0000482FB9FA00004F58B9 /* ComfortEngine.swift in Sources */ = {isa = PBXBuildFile; fileRef = 2F0000472FB9FA00004F58B9 /* ComfortEngine.swift */; };
		2F00004A2FB9FA00004F58B9 /* GeocodingService.swift in Sources */ = {isa = PBXBuildFile; fileRef = 2F0000492FB9FA00004F58B9 /* GeocodingService.swift */; };
		2F00004C2FB9FA00004F58B9 /* AppLogger.swift in Sources */ = {isa = PBXBuildFile; fileRef = 2F00004B2FB9FA00004F58B9 /* AppLogger.swift */; };
		2F00004E2FB9FA00004F58B9 /* NotificationsService.swift in Sources */ = {isa = PBXBuildFile; fileRef = 2F00004D2FB9FA00004F58B9 /* NotificationsService.swift */; };
		2F0000502FB9FA00004F58B9 /* SubscriptionService.swift in Sources */ = {isa = PBXBuildFile; fileRef = 2F00004F2FB9FA00004F58B9 /* SubscriptionService.swift */; };
		2F0000522FB9FA00004F58B9 /* PrivacyInfo.xcprivacy in Resources */ = {isa = PBXBuildFile; fileRef = 2F0000512FB9FA00004F58B9 /* PrivacyInfo.xcprivacy */; };
/* End PBXBuildFile section */

/* Begin PBXContainerItemProxy section */
		1EA647152FB9F561004F58B9 /* PBXContainerItemProxy */ = {
			isa = PBXContainerItemProxy;
			containerPortal = 1EA646FC2FB9F55E004F58B9 /* Project object */;
			proxyType = 1;
			remoteGlobalIDString = 1EA647032FB9F55E004F58B9;
			remoteInfo = Roomly;
		};
		1EA6471F2FB9F561004F58B9 /* PBXContainerItemProxy */ = {
			isa = PBXContainerItemProxy;
			containerPortal = 1EA646FC2FB9F55E004F58B9 /* Project object */;
			proxyType = 1;
			remoteGlobalIDString = 1EA647032FB9F55E004F58B9;
			remoteInfo = Roomly;
		};
/* End PBXContainerItemProxy section */

/* Begin PBXFileReference section */
		1EA647042FB9F55E004F58B9 /* Roomly.app */ = {isa = PBXFileReference; explicitFileType = wrapper.application; includeInIndex = 0; path = Roomly.app; sourceTree = BUILT_PRODUCTS_DIR; };
		1EA647072FB9F55E004F58B9 /* RoomlyApp.swift */ = {isa = PBXFileReference; lastKnownFileType = sourcecode.swift; path = RoomlyApp.swift; sourceTree = "<group>"; };
		1EA647092FB9F55E004F58B9 /* ContentView.swift */ = {isa = PBXFileReference; lastKnownFileType = sourcecode.swift; path = ContentView.swift; sourceTree = "<group>"; };
		1EA6470B2FB9F561004F58B9 /* Assets.xcassets */ = {isa = PBXFileReference; lastKnownFileType = folder.assetcatalog; path = Assets.xcassets; sourceTree = "<group>"; };
		1EA6470E2FB9F561004F58B9 /* Preview Assets.xcassets */ = {isa = PBXFileReference; lastKnownFileType = folder.assetcatalog; path = "Preview Assets.xcassets"; sourceTree = "<group>"; };
		1EA647142FB9F561004F58B9 /* RoomlyTests.xctest */ = {isa = PBXFileReference; explicitFileType = wrapper.cfbundle; includeInIndex = 0; path = RoomlyTests.xctest; sourceTree = BUILT_PRODUCTS_DIR; };
		1EA647182FB9F561004F58B9 /* RoomlyTests.swift */ = {isa = PBXFileReference; lastKnownFileType = sourcecode.swift; path = RoomlyTests.swift; sourceTree = "<group>"; };
		1EA6471E2FB9F561004F58B9 /* RoomlyUITests.xctest */ = {isa = PBXFileReference; explicitFileType = wrapper.cfbundle; includeInIndex = 0; path = RoomlyUITests.xctest; sourceTree = BUILT_PRODUCTS_DIR; };
		1EA647222FB9F561004F58B9 /* RoomlyUITests.swift */ = {isa = PBXFileReference; lastKnownFileType = sourcecode.swift; path = RoomlyUITests.swift; sourceTree = "<group>"; };
		1EA647242FB9F561004F58B9 /* RoomlyUITestsLaunchTests.swift */ = {isa = PBXFileReference; lastKnownFileType = sourcecode.swift; path = RoomlyUITestsLaunchTests.swift; sourceTree = "<group>"; };
		2F0000112FB9FA00004F58B9 /* WeatherMockData.swift */ = {isa = PBXFileReference; lastKnownFileType = sourcecode.swift; path = WeatherMockData.swift; sourceTree = "<group>"; };
		2F0000122FB9FA00004F58B9 /* RoomlyTheme.swift */ = {isa = PBXFileReference; lastKnownFileType = sourcecode.swift; path = RoomlyTheme.swift; sourceTree = "<group>"; };
		2F0000132FB9FA00004F58B9 /* RoomlyComponents.swift */ = {isa = PBXFileReference; lastKnownFileType = sourcecode.swift; path = RoomlyComponents.swift; sourceTree = "<group>"; };
		2F0000142FB9FA00004F58B9 /* RoomlyRootView.swift */ = {isa = PBXFileReference; lastKnownFileType = sourcecode.swift; path = RoomlyRootView.swift; sourceTree = "<group>"; };
		2F0000152FB9FA00004F58B9 /* HomeView.swift */ = {isa = PBXFileReference; lastKnownFileType = sourcecode.swift; path = HomeView.swift; sourceTree = "<group>"; };
		2F0000162FB9FA00004F58B9 /* ForecastView.swift */ = {isa = PBXFileReference; lastKnownFileType = sourcecode.swift; path = ForecastView.swift; sourceTree = "<group>"; };
		2F0000172FB9FA00004F58B9 /* SettingsView.swift */ = {isa = PBXFileReference; lastKnownFileType = sourcecode.swift; path = SettingsView.swift; sourceTree = "<group>"; };
		2F0000182FB9FA00004F58B9 /* PaywallView.swift */ = {isa = PBXFileReference; lastKnownFileType = sourcecode.swift; path = PaywallView.swift; sourceTree = "<group>"; };
		2F0000192FB9FA00004F58B9 /* OnboardingMockData.swift */ = {isa = PBXFileReference; lastKnownFileType = sourcecode.swift; path = OnboardingMockData.swift; sourceTree = "<group>"; };
		2F00001A2FB9FA00004F58B9 /* OnboardingView.swift */ = {isa = PBXFileReference; lastKnownFileType = sourcecode.swift; path = OnboardingView.swift; sourceTree = "<group>"; };
		2F00001B2FB9FA00004F58B9 /* AppSettings.swift */ = {isa = PBXFileReference; lastKnownFileType = sourcecode.swift; path = AppSettings.swift; sourceTree = "<group>"; };
		2F0000342FB9FA00004F58B9 /* RoomSetupView.swift */ = {isa = PBXFileReference; lastKnownFileType = sourcecode.swift; path = RoomSetupView.swift; sourceTree = "<group>"; };
		2F0000352FB9FA00004F58B9 /* RoomDetailView.swift */ = {isa = PBXFileReference; lastKnownFileType = sourcecode.swift; path = RoomDetailView.swift; sourceTree = "<group>"; };
		2F0000362FB9FA00004F58B9 /* WeatherInfoView.swift */ = {isa = PBXFileReference; lastKnownFileType = sourcecode.swift; path = WeatherInfoView.swift; sourceTree = "<group>"; };
		2F0000372FB9FA00004F58B9 /* MonthlyOutlookView.swift */ = {isa = PBXFileReference; lastKnownFileType = sourcecode.swift; path = MonthlyOutlookView.swift; sourceTree = "<group>"; };
		2F00003C2FB9FA00004F58B9 /* WeatherService.swift */ = {isa = PBXFileReference; lastKnownFileType = sourcecode.swift; path = WeatherService.swift; sourceTree = "<group>"; };
		2F00003D2FB9FA00004F58B9 /* WeatherViewModel.swift */ = {isa = PBXFileReference; lastKnownFileType = sourcecode.swift; path = WeatherViewModel.swift; sourceTree = "<group>"; };
		2F00003E2FB9FA00004F58B9 /* SettingsViewModel.swift */ = {isa = PBXFileReference; lastKnownFileType = sourcecode.swift; path = SettingsViewModel.swift; sourceTree = "<group>"; };
		2F00003F2FB9FA00004F58B9 /* SubscriptionViewModel.swift */ = {isa = PBXFileReference; lastKnownFileType = sourcecode.swift; path = SubscriptionViewModel.swift; sourceTree = "<group>"; };
		2F0000422FB9FA00004F58B9 /* LocationService.swift */ = {isa = PBXFileReference; lastKnownFileType = sourcecode.swift; path = LocationService.swift; sourceTree = "<group>"; };
		2F0000432FB9FA00004F58B9 /* LocationViewModel.swift */ = {isa = PBXFileReference; lastKnownFileType = sourcecode.swift; path = LocationViewModel.swift; sourceTree = "<group>"; };
		2F0000452FB9FA00004F58B9 /* ManualLocationView.swift */ = {isa = PBXFileReference; lastKnownFileType = sourcecode.swift; path = ManualLocationView.swift; sourceTree = "<group>"; };
		2F0000472FB9FA00004F58B9 /* ComfortEngine.swift */ = {isa = PBXFileReference; lastKnownFileType = sourcecode.swift; path = ComfortEngine.swift; sourceTree = "<group>"; };
		2F0000492FB9FA00004F58B9 /* GeocodingService.swift */ = {isa = PBXFileReference; lastKnownFileType = sourcecode.swift; path = GeocodingService.swift; sourceTree = "<group>"; };
		2F00004B2FB9FA00004F58B9 /* AppLogger.swift */ = {isa = PBXFileReference; lastKnownFileType = sourcecode.swift; path = AppLogger.swift; sourceTree = "<group>"; };
		2F00004D2FB9FA00004F58B9 /* NotificationsService.swift */ = {isa = PBXFileReference; lastKnownFileType = sourcecode.swift; path = NotificationsService.swift; sourceTree = "<group>"; };
		2F00004F2FB9FA00004F58B9 /* SubscriptionService.swift */ = {isa = PBXFileReference; lastKnownFileType = sourcecode.swift; path = SubscriptionService.swift; sourceTree = "<group>"; };
		2F0000512FB9FA00004F58B9 /* PrivacyInfo.xcprivacy */ = {isa = PBXFileReference; lastKnownFileType = text.xml; path = PrivacyInfo.xcprivacy; sourceTree = "<group>"; };
		2F0000532FB9FA00004F58B9 /* Roomly.storekit */ = {isa = PBXFileReference; lastKnownFileType = text; path = Roomly.storekit; sourceTree = "<group>"; };
/* End PBXFileReference section */

/* Begin PBXFrameworksBuildPhase section */
		1EA647012FB9F55E004F58B9 /* Frameworks */ = {
			isa = PBXFrameworksBuildPhase;
			buildActionMask = 2147483647;
			files = (
			);
			runOnlyForDeploymentPostprocessing = 0;
		};
		1EA647112FB9F561004F58B9 /* Frameworks */ = {
			isa = PBXFrameworksBuildPhase;
			buildActionMask = 2147483647;
			files = (
			);
			runOnlyForDeploymentPostprocessing = 0;
		};
		1EA6471B2FB9F561004F58B9 /* Frameworks */ = {
			isa = PBXFrameworksBuildPhase;
			buildActionMask = 2147483647;
			files = (
			);
			runOnlyForDeploymentPostprocessing = 0;
		};
/* End PBXFrameworksBuildPhase section */

/* Begin PBXGroup section */
		1EA646FB2FB9F55E004F58B9 = {
			isa = PBXGroup;
			children = (
				1EA647062FB9F55E004F58B9 /* Roomly */,
				1EA647172FB9F561004F58B9 /* RoomlyTests */,
				1EA647212FB9F561004F58B9 /* RoomlyUITests */,
				1EA647052FB9F55E004F58B9 /* Products */,
			);
			sourceTree = "<group>";
		};
		1EA647052FB9F55E004F58B9 /* Products */ = {
			isa = PBXGroup;
			children = (
				1EA647042FB9F55E004F58B9 /* Roomly.app */,
				1EA647142FB9F561004F58B9 /* RoomlyTests.xctest */,
				1EA6471E2FB9F561004F58B9 /* RoomlyUITests.xctest */,
			);
			name = Products;
			sourceTree = "<group>";
		};
		1EA647062FB9F55E004F58B9 /* Roomly */ = {
			isa = PBXGroup;
			children = (
				1EA647072FB9F55E004F58B9 /* RoomlyApp.swift */,
				1EA647092FB9F55E004F58B9 /* ContentView.swift */,
				2F0000212FB9FA00004F58B9 /* Models */,
				2F0000292FB9FA00004F58B9 /* Components */,
				2F0000222FB9FA00004F58B9 /* DesignSystem */,
				2F0000232FB9FA00004F58B9 /* Screens */,
				2F00002A2FB9FA00004F58B9 /* Services */,
				2F00002B2FB9FA00004F58B9 /* ViewModels */,
				2F00002C2FB9FA00004F58B9 /* Resources */,
				1EA6470B2FB9F561004F58B9 /* Assets.xcassets */,
				1EA6470D2FB9F561004F58B9 /* Preview Content */,
			);
			path = Roomly;
			sourceTree = "<group>";
		};
		1EA6470D2FB9F561004F58B9 /* Preview Content */ = {
			isa = PBXGroup;
			children = (
				1EA6470E2FB9F561004F58B9 /* Preview Assets.xcassets */,
			);
			path = "Preview Content";
			sourceTree = "<group>";
		};
		1EA647172FB9F561004F58B9 /* RoomlyTests */ = {
			isa = PBXGroup;
			children = (
				1EA647182FB9F561004F58B9 /* RoomlyTests.swift */,
			);
			path = RoomlyTests;
			sourceTree = "<group>";
		};
		1EA647212FB9F561004F58B9 /* RoomlyUITests */ = {
			isa = PBXGroup;
			children = (
				1EA647222FB9F561004F58B9 /* RoomlyUITests.swift */,
				1EA647242FB9F561004F58B9 /* RoomlyUITestsLaunchTests.swift */,
			);
			path = RoomlyUITests;
			sourceTree = "<group>";
		};
		2F0000212FB9FA00004F58B9 /* Models */ = {
			isa = PBXGroup;
			children = (
				2F0000112FB9FA00004F58B9 /* WeatherMockData.swift */,
				2F0000192FB9FA00004F58B9 /* OnboardingMockData.swift */,
				2F00001B2FB9FA00004F58B9 /* AppSettings.swift */,
			);
			path = Models;
			sourceTree = "<group>";
		};
		2F0000222FB9FA00004F58B9 /* DesignSystem */ = {
			isa = PBXGroup;
			children = (
				2F0000122FB9FA00004F58B9 /* RoomlyTheme.swift */,
			);
			path = DesignSystem;
			sourceTree = "<group>";
		};
		2F0000232FB9FA00004F58B9 /* Screens */ = {
			isa = PBXGroup;
			children = (
				2F0000282FB9FA00004F58B9 /* Root */,
				2F00002D2FB9FA00004F58B9 /* Onboarding */,
				2F0000462FB9FA00004F58B9 /* Location */,
				2F0000242FB9FA00004F58B9 /* Home */,
				2F0000252FB9FA00004F58B9 /* Forecast */,
				2F0000262FB9FA00004F58B9 /* Settings */,
				2F0000272FB9FA00004F58B9 /* Paywall */,
			);
			path = Screens;
			sourceTree = "<group>";
		};
		2F0000242FB9FA00004F58B9 /* Home */ = {
			isa = PBXGroup;
			children = (
				2F0000152FB9FA00004F58B9 /* HomeView.swift */,
				2F0000342FB9FA00004F58B9 /* RoomSetupView.swift */,
				2F0000352FB9FA00004F58B9 /* RoomDetailView.swift */,
			);
			path = Home;
			sourceTree = "<group>";
		};
		2F0000252FB9FA00004F58B9 /* Forecast */ = {
			isa = PBXGroup;
			children = (
				2F0000162FB9FA00004F58B9 /* ForecastView.swift */,
				2F0000362FB9FA00004F58B9 /* WeatherInfoView.swift */,
				2F0000372FB9FA00004F58B9 /* MonthlyOutlookView.swift */,
			);
			path = Forecast;
			sourceTree = "<group>";
		};
		2F0000262FB9FA00004F58B9 /* Settings */ = {
			isa = PBXGroup;
			children = (
				2F0000172FB9FA00004F58B9 /* SettingsView.swift */,
			);
			path = Settings;
			sourceTree = "<group>";
		};
		2F0000272FB9FA00004F58B9 /* Paywall */ = {
			isa = PBXGroup;
			children = (
				2F0000182FB9FA00004F58B9 /* PaywallView.swift */,
			);
			path = Paywall;
			sourceTree = "<group>";
		};
		2F0000282FB9FA00004F58B9 /* Root */ = {
			isa = PBXGroup;
			children = (
				2F0000142FB9FA00004F58B9 /* RoomlyRootView.swift */,
			);
			path = Root;
			sourceTree = "<group>";
		};
		2F0000292FB9FA00004F58B9 /* Components */ = {
			isa = PBXGroup;
			children = (
				2F0000132FB9FA00004F58B9 /* RoomlyComponents.swift */,
			);
			path = Components;
			sourceTree = "<group>";
		};
		2F00002A2FB9FA00004F58B9 /* Services */ = {
			isa = PBXGroup;
			children = (
				2F00003C2FB9FA00004F58B9 /* WeatherService.swift */,
				2F0000422FB9FA00004F58B9 /* LocationService.swift */,
				2F0000492FB9FA00004F58B9 /* GeocodingService.swift */,
				2F0000472FB9FA00004F58B9 /* ComfortEngine.swift */,
				2F00004B2FB9FA00004F58B9 /* AppLogger.swift */,
				2F00004D2FB9FA00004F58B9 /* NotificationsService.swift */,
				2F00004F2FB9FA00004F58B9 /* SubscriptionService.swift */,
			);
			path = Services;
			sourceTree = "<group>";
		};
		2F00002B2FB9FA00004F58B9 /* ViewModels */ = {
			isa = PBXGroup;
			children = (
				2F00003D2FB9FA00004F58B9 /* WeatherViewModel.swift */,
				2F00003E2FB9FA00004F58B9 /* SettingsViewModel.swift */,
				2F00003F2FB9FA00004F58B9 /* SubscriptionViewModel.swift */,
				2F0000432FB9FA00004F58B9 /* LocationViewModel.swift */,
			);
			path = ViewModels;
			sourceTree = "<group>";
		};
		2F00002C2FB9FA00004F58B9 /* Resources */ = {
			isa = PBXGroup;
			children = (
				2F0000512FB9FA00004F58B9 /* PrivacyInfo.xcprivacy */,
				2F0000532FB9FA00004F58B9 /* Roomly.storekit */,
			);
			path = Resources;
			sourceTree = "<group>";
		};
		2F00002D2FB9FA00004F58B9 /* Onboarding */ = {
			isa = PBXGroup;
			children = (
				2F00001A2FB9FA00004F58B9 /* OnboardingView.swift */,
			);
			path = Onboarding;
			sourceTree = "<group>";
		};
		2F0000462FB9FA00004F58B9 /* Location */ = {
			isa = PBXGroup;
			children = (
				2F0000452FB9FA00004F58B9 /* ManualLocationView.swift */,
			);
			path = Location;
			sourceTree = "<group>";
		};
/* End PBXGroup section */

/* Begin PBXNativeTarget section */
		1EA647032FB9F55E004F58B9 /* Roomly */ = {
			isa = PBXNativeTarget;
			buildConfigurationList = 1EA647282FB9F561004F58B9 /* Build configuration list for PBXNativeTarget "Roomly" */;
			buildPhases = (
				1EA647002FB9F55E004F58B9 /* Sources */,
				1EA647012FB9F55E004F58B9 /* Frameworks */,
				1EA647022FB9F55E004F58B9 /* Resources */,
			);
			buildRules = (
			);
			dependencies = (
			);
			name = Roomly;
			productName = Roomly;
			productReference = 1EA647042FB9F55E004F58B9 /* Roomly.app */;
			productType = "com.apple.product-type.application";
		};
		1EA647132FB9F561004F58B9 /* RoomlyTests */ = {
			isa = PBXNativeTarget;
			buildConfigurationList = 1EA6472B2FB9F561004F58B9 /* Build configuration list for PBXNativeTarget "RoomlyTests" */;
			buildPhases = (
				1EA647102FB9F561004F58B9 /* Sources */,
				1EA647112FB9F561004F58B9 /* Frameworks */,
				1EA647122FB9F561004F58B9 /* Resources */,
			);
			buildRules = (
			);
			dependencies = (
				1EA647162FB9F561004F58B9 /* PBXTargetDependency */,
			);
			name = RoomlyTests;
			productName = RoomlyTests;
			productReference = 1EA647142FB9F561004F58B9 /* RoomlyTests.xctest */;
			productType = "com.apple.product-type.bundle.unit-test";
		};
		1EA6471D2FB9F561004F58B9 /* RoomlyUITests */ = {
			isa = PBXNativeTarget;
			buildConfigurationList = 1EA6472E2FB9F561004F58B9 /* Build configuration list for PBXNativeTarget "RoomlyUITests" */;
			buildPhases = (
				1EA6471A2FB9F561004F58B9 /* Sources */,
				1EA6471B2FB9F561004F58B9 /* Frameworks */,
				1EA6471C2FB9F561004F58B9 /* Resources */,
			);
			buildRules = (
			);
			dependencies = (
				1EA647202FB9F561004F58B9 /* PBXTargetDependency */,
			);
			name = RoomlyUITests;
			productName = RoomlyUITests;
			productReference = 1EA6471E2FB9F561004F58B9 /* RoomlyUITests.xctest */;
			productType = "com.apple.product-type.bundle.ui-testing";
		};
/* End PBXNativeTarget section */

/* Begin PBXProject section */
		1EA646FC2FB9F55E004F58B9 /* Project object */ = {
			isa = PBXProject;
			attributes = {
				BuildIndependentTargetsInParallel = 1;
				LastSwiftUpdateCheck = 1540;
				LastUpgradeCheck = 1540;
				TargetAttributes = {
					1EA647032FB9F55E004F58B9 = {
						CreatedOnToolsVersion = 15.4;
						SystemCapabilities = {
							com.apple.InAppPurchase = {
								enabled = 1;
							};
						};
					};
					1EA647132FB9F561004F58B9 = {
						CreatedOnToolsVersion = 15.4;
						TestTargetID = 1EA647032FB9F55E004F58B9;
					};
					1EA6471D2FB9F561004F58B9 = {
						CreatedOnToolsVersion = 15.4;
						TestTargetID = 1EA647032FB9F55E004F58B9;
					};
				};
			};
			buildConfigurationList = 1EA646FF2FB9F55E004F58B9 /* Build configuration list for PBXProject "Roomly" */;
			compatibilityVersion = "Xcode 14.0";
			developmentRegion = en;
			hasScannedForEncodings = 0;
			knownRegions = (
				en,
				Base,
			);
			mainGroup = 1EA646FB2FB9F55E004F58B9;
			productRefGroup = 1EA647052FB9F55E004F58B9 /* Products */;
			projectDirPath = "";
			projectRoot = "";
			targets = (
				1EA647032FB9F55E004F58B9 /* Roomly */,
				1EA647132FB9F561004F58B9 /* RoomlyTests */,
				1EA6471D2FB9F561004F58B9 /* RoomlyUITests */,
			);
		};
/* End PBXProject section */

/* Begin PBXResourcesBuildPhase section */
		1EA647022FB9F55E004F58B9 /* Resources */ = {
			isa = PBXResourcesBuildPhase;
			buildActionMask = 2147483647;
			files = (
				1EA6470F2FB9F561004F58B9 /* Preview Assets.xcassets in Resources */,
				1EA6470C2FB9F561004F58B9 /* Assets.xcassets in Resources */,
				2F0000522FB9FA00004F58B9 /* PrivacyInfo.xcprivacy in Resources */,
			);
			runOnlyForDeploymentPostprocessing = 0;
		};
		1EA647122FB9F561004F58B9 /* Resources */ = {
			isa = PBXResourcesBuildPhase;
			buildActionMask = 2147483647;
			files = (
			);
			runOnlyForDeploymentPostprocessing = 0;
		};
		1EA6471C2FB9F561004F58B9 /* Resources */ = {
			isa = PBXResourcesBuildPhase;
			buildActionMask = 2147483647;
			files = (
			);
			runOnlyForDeploymentPostprocessing = 0;
		};
/* End PBXResourcesBuildPhase section */

/* Begin PBXSourcesBuildPhase section */
		1EA647002FB9F55E004F58B9 /* Sources */ = {
			isa = PBXSourcesBuildPhase;
			buildActionMask = 2147483647;
			files = (
				2F0000032FB9FA00004F58B9 /* RoomlyComponents.swift in Sources */,
				2F0000052FB9FA00004F58B9 /* HomeView.swift in Sources */,
				1EA6470A2FB9F55E004F58B9 /* ContentView.swift in Sources */,
				2F0000022FB9FA00004F58B9 /* RoomlyTheme.swift in Sources */,
				2F0000042FB9FA00004F58B9 /* RoomlyRootView.swift in Sources */,
				2F0000062FB9FA00004F58B9 /* ForecastView.swift in Sources */,
				2F0000382FB9FA00004F58B9 /* WeatherService.swift in Sources */,
				2F0000402FB9FA00004F58B9 /* LocationService.swift in Sources */,
				2F00004A2FB9FA00004F58B9 /* GeocodingService.swift in Sources */,
				2F0000482FB9FA00004F58B9 /* ComfortEngine.swift in Sources */,
				2F0000322FB9FA00004F58B9 /* WeatherInfoView.swift in Sources */,
				2F0000332FB9FA00004F58B9 /* MonthlyOutlookView.swift in Sources */,
				2F0000012FB9FA00004F58B9 /* WeatherMockData.swift in Sources */,
				2F0000092FB9FA00004F58B9 /* OnboardingMockData.swift in Sources */,
				2F0000302FB9FA00004F58B9 /* RoomSetupView.swift in Sources */,
				2F0000442FB9FA00004F58B9 /* ManualLocationView.swift in Sources */,
				2F0000072FB9FA00004F58B9 /* SettingsView.swift in Sources */,
				2F00003A2FB9FA00004F58B9 /* SettingsViewModel.swift in Sources */,
				2F00000A2FB9FA00004F58B9 /* OnboardingView.swift in Sources */,
				2F0000312FB9FA00004F58B9 /* RoomDetailView.swift in Sources */,
				2F0000392FB9FA00004F58B9 /* WeatherViewModel.swift in Sources */,
				2F0000082FB9FA00004F58B9 /* PaywallView.swift in Sources */,
				2F0000412FB9FA00004F58B9 /* LocationViewModel.swift in Sources */,
				2F00003B2FB9FA00004F58B9 /* SubscriptionViewModel.swift in Sources */,
				2F00000B2FB9FA00004F58B9 /* AppSettings.swift in Sources */,
				1EA647082FB9F55E004F58B9 /* RoomlyApp.swift in Sources */,
				2F00004C2FB9FA00004F58B9 /* AppLogger.swift in Sources */,
				2F00004E2FB9FA00004F58B9 /* NotificationsService.swift in Sources */,
				2F0000502FB9FA00004F58B9 /* SubscriptionService.swift in Sources */,
			);
			runOnlyForDeploymentPostprocessing = 0;
		};
		1EA647102FB9F561004F58B9 /* Sources */ = {
			isa = PBXSourcesBuildPhase;
			buildActionMask = 2147483647;
			files = (
				1EA647192FB9F561004F58B9 /* RoomlyTests.swift in Sources */,
			);
			runOnlyForDeploymentPostprocessing = 0;
		};
		1EA6471A2FB9F561004F58B9 /* Sources */ = {
			isa = PBXSourcesBuildPhase;
			buildActionMask = 2147483647;
			files = (
				1EA647252FB9F561004F58B9 /* RoomlyUITestsLaunchTests.swift in Sources */,
				1EA647232FB9F561004F58B9 /* RoomlyUITests.swift in Sources */,
			);
			runOnlyForDeploymentPostprocessing = 0;
		};
/* End PBXSourcesBuildPhase section */

/* Begin PBXTargetDependency section */
		1EA647162FB9F561004F58B9 /* PBXTargetDependency */ = {
			isa = PBXTargetDependency;
			target = 1EA647032FB9F55E004F58B9 /* Roomly */;
			targetProxy = 1EA647152FB9F561004F58B9 /* PBXContainerItemProxy */;
		};
		1EA647202FB9F561004F58B9 /* PBXTargetDependency */ = {
			isa = PBXTargetDependency;
			target = 1EA647032FB9F55E004F58B9 /* Roomly */;
			targetProxy = 1EA6471F2FB9F561004F58B9 /* PBXContainerItemProxy */;
		};
/* End PBXTargetDependency section */

/* Begin XCBuildConfiguration section */
		1EA647262FB9F561004F58B9 /* Debug */ = {
			isa = XCBuildConfiguration;
			buildSettings = {
				ALWAYS_SEARCH_USER_PATHS = NO;
				ASSETCATALOG_COMPILER_GENERATE_SWIFT_ASSET_SYMBOL_EXTENSIONS = YES;
				CLANG_ANALYZER_NONNULL = YES;
				CLANG_ANALYZER_NUMBER_OBJECT_CONVERSION = YES_AGGRESSIVE;
				CLANG_CXX_LANGUAGE_STANDARD = "gnu++20";
				CLANG_ENABLE_MODULES = YES;
				CLANG_ENABLE_OBJC_ARC = YES;
				CLANG_ENABLE_OBJC_WEAK = YES;
				CLANG_WARN_BLOCK_CAPTURE_AUTORELEASING = YES;
				CLANG_WARN_BOOL_CONVERSION = YES;
				CLANG_WARN_COMMA = YES;
				CLANG_WARN_CONSTANT_CONVERSION = YES;
				CLANG_WARN_DEPRECATED_OBJC_IMPLEMENTATIONS = YES;
				CLANG_WARN_DIRECT_OBJC_ISA_USAGE = YES_ERROR;
				CLANG_WARN_DOCUMENTATION_COMMENTS = YES;
				CLANG_WARN_EMPTY_BODY = YES;
				CLANG_WARN_ENUM_CONVERSION = YES;
				CLANG_WARN_INFINITE_RECURSION = YES;
				CLANG_WARN_INT_CONVERSION = YES;
				CLANG_WARN_NON_LITERAL_NULL_CONVERSION = YES;
				CLANG_WARN_OBJC_IMPLICIT_RETAIN_SELF = YES;
				CLANG_WARN_OBJC_LITERAL_CONVERSION = YES;
				CLANG_WARN_OBJC_ROOT_CLASS = YES_ERROR;
				CLANG_WARN_QUOTED_INCLUDE_IN_FRAMEWORK_HEADER = YES;
				CLANG_WARN_RANGE_LOOP_ANALYSIS = YES;
				CLANG_WARN_STRICT_PROTOTYPES = YES;
				CLANG_WARN_SUSPICIOUS_MOVE = YES;
				CLANG_WARN_UNGUARDED_AVAILABILITY = YES_AGGRESSIVE;
				CLANG_WARN_UNREACHABLE_CODE = YES;
				CLANG_WARN__DUPLICATE_METHOD_MATCH = YES;
				COPY_PHASE_STRIP = NO;
				DEBUG_INFORMATION_FORMAT = dwarf;
				ENABLE_STRICT_OBJC_MSGSEND = YES;
				ENABLE_TESTABILITY = YES;
				ENABLE_USER_SCRIPT_SANDBOXING = YES;
				GCC_C_LANGUAGE_STANDARD = gnu17;
				GCC_DYNAMIC_NO_PIC = NO;
				GCC_NO_COMMON_BLOCKS = YES;
				GCC_OPTIMIZATION_LEVEL = 0;
				GCC_PREPROCESSOR_DEFINITIONS = (
					"DEBUG=1",
					"$(inherited)",
				);
				GCC_WARN_64_TO_32_BIT_CONVERSION = YES;
				GCC_WARN_ABOUT_RETURN_TYPE = YES_ERROR;
				GCC_WARN_UNDECLARED_SELECTOR = YES;
				GCC_WARN_UNINITIALIZED_AUTOS = YES_AGGRESSIVE;
				GCC_WARN_UNUSED_FUNCTION = YES;
				GCC_WARN_UNUSED_VARIABLE = YES;
				IPHONEOS_DEPLOYMENT_TARGET = 17.5;
				LOCALIZATION_PREFERS_STRING_CATALOGS = YES;
				MTL_ENABLE_DEBUG_INFO = INCLUDE_SOURCE;
				MTL_FAST_MATH = YES;
				ONLY_ACTIVE_ARCH = YES;
				SDKROOT = iphoneos;
				SWIFT_ACTIVE_COMPILATION_CONDITIONS = "DEBUG $(inherited)";
				SWIFT_OPTIMIZATION_LEVEL = "-Onone";
			};
			name = Debug;
		};
		1EA647272FB9F561004F58B9 /* Release */ = {
			isa = XCBuildConfiguration;
			buildSettings = {
				ALWAYS_SEARCH_USER_PATHS = NO;
				ASSETCATALOG_COMPILER_GENERATE_SWIFT_ASSET_SYMBOL_EXTENSIONS = YES;
				CLANG_ANALYZER_NONNULL = YES;
				CLANG_ANALYZER_NUMBER_OBJECT_CONVERSION = YES_AGGRESSIVE;
				CLANG_CXX_LANGUAGE_STANDARD = "gnu++20";
				CLANG_ENABLE_MODULES = YES;
				CLANG_ENABLE_OBJC_ARC = YES;
				CLANG_ENABLE_OBJC_WEAK = YES;
				CLANG_WARN_BLOCK_CAPTURE_AUTORELEASING = YES;
				CLANG_WARN_BOOL_CONVERSION = YES;
				CLANG_WARN_COMMA = YES;
				CLANG_WARN_CONSTANT_CONVERSION = YES;
				CLANG_WARN_DEPRECATED_OBJC_IMPLEMENTATIONS = YES;
				CLANG_WARN_DIRECT_OBJC_ISA_USAGE = YES_ERROR;
				CLANG_WARN_DOCUMENTATION_COMMENTS = YES;
				CLANG_WARN_EMPTY_BODY = YES;
				CLANG_WARN_ENUM_CONVERSION = YES;
				CLANG_WARN_INFINITE_RECURSION = YES;
				CLANG_WARN_INT_CONVERSION = YES;
				CLANG_WARN_NON_LITERAL_NULL_CONVERSION = YES;
				CLANG_WARN_OBJC_IMPLICIT_RETAIN_SELF = YES;
				CLANG_WARN_OBJC_LITERAL_CONVERSION = YES;
				CLANG_WARN_OBJC_ROOT_CLASS = YES_ERROR;
				CLANG_WARN_QUOTED_INCLUDE_IN_FRAMEWORK_HEADER = YES;
				CLANG_WARN_RANGE_LOOP_ANALYSIS = YES;
				CLANG_WARN_STRICT_PROTOTYPES = YES;
				CLANG_WARN_SUSPICIOUS_MOVE = YES;
				CLANG_WARN_UNGUARDED_AVAILABILITY = YES_AGGRESSIVE;
				CLANG_WARN_UNREACHABLE_CODE = YES;
				CLANG_WARN__DUPLICATE_METHOD_MATCH = YES;
				COPY_PHASE_STRIP = NO;
				DEBUG_INFORMATION_FORMAT = "dwarf-with-dsym";
				ENABLE_NS_ASSERTIONS = NO;
				ENABLE_STRICT_OBJC_MSGSEND = YES;
				ENABLE_USER_SCRIPT_SANDBOXING = YES;
				GCC_C_LANGUAGE_STANDARD = gnu17;
				GCC_NO_COMMON_BLOCKS = YES;
				GCC_WARN_64_TO_32_BIT_CONVERSION = YES;
				GCC_WARN_ABOUT_RETURN_TYPE = YES_ERROR;
				GCC_WARN_UNDECLARED_SELECTOR = YES;
				GCC_WARN_UNINITIALIZED_AUTOS = YES_AGGRESSIVE;
				GCC_WARN_UNUSED_FUNCTION = YES;
				GCC_WARN_UNUSED_VARIABLE = YES;
				IPHONEOS_DEPLOYMENT_TARGET = 17.5;
				LOCALIZATION_PREFERS_STRING_CATALOGS = YES;
				MTL_ENABLE_DEBUG_INFO = NO;
				MTL_FAST_MATH = YES;
				SDKROOT = iphoneos;
				SWIFT_COMPILATION_MODE = wholemodule;
				VALIDATE_PRODUCT = YES;
			};
			name = Release;
		};
		1EA647292FB9F561004F58B9 /* Debug */ = {
			isa = XCBuildConfiguration;
			buildSettings = {
				ASSETCATALOG_COMPILER_APPICON_NAME = AppIcon;
				ASSETCATALOG_COMPILER_GLOBAL_ACCENT_COLOR_NAME = AccentColor;
				CODE_SIGN_STYLE = Automatic;
				CURRENT_PROJECT_VERSION = 1;
				DEVELOPMENT_ASSET_PATHS = "\"Roomly/Preview Content\"";
				DEVELOPMENT_TEAM = M6A2R4JCSR;
				ENABLE_PREVIEWS = YES;
				GENERATE_INFOPLIST_FILE = YES;
				INFOPLIST_KEY_CFBundleDisplayName = Roomly;
				INFOPLIST_KEY_LSApplicationCategoryType = "public.app-category.weather";
				INFOPLIST_KEY_NSLocationWhenInUseUsageDescription = "Roomly uses your location to personalize local Weather Insights. Mock weather data is still used in this prototype.";
				INFOPLIST_KEY_UIApplicationSceneManifest_Generation = YES;
				INFOPLIST_KEY_UIApplicationSupportsIndirectInputEvents = YES;
				INFOPLIST_KEY_UILaunchScreen_Generation = YES;
				INFOPLIST_KEY_UISupportedInterfaceOrientations_iPad = "UIInterfaceOrientationPortrait UIInterfaceOrientationPortraitUpsideDown UIInterfaceOrientationLandscapeLeft UIInterfaceOrientationLandscapeRight";
				INFOPLIST_KEY_UISupportedInterfaceOrientations_iPhone = "UIInterfaceOrientationPortrait UIInterfaceOrientationLandscapeLeft UIInterfaceOrientationLandscapeRight";
				LD_RUNPATH_SEARCH_PATHS = (
					"$(inherited)",
					"@executable_path/Frameworks",
				);
				MARKETING_VERSION = 1.0;
				PRODUCT_BUNDLE_IDENTIFIER = com.khramkou.Roomly;
				PRODUCT_NAME = "$(TARGET_NAME)";
				SWIFT_EMIT_LOC_STRINGS = YES;
				SWIFT_VERSION = 5.0;
				TARGETED_DEVICE_FAMILY = "1,2";
			};
			name = Debug;
		};
		1EA6472A2FB9F561004F58B9 /* Release */ = {
			isa = XCBuildConfiguration;
			buildSettings = {
				ASSETCATALOG_COMPILER_APPICON_NAME = AppIcon;
				ASSETCATALOG_COMPILER_GLOBAL_ACCENT_COLOR_NAME = AccentColor;
				CODE_SIGN_STYLE = Automatic;
				CURRENT_PROJECT_VERSION = 1;
				DEVELOPMENT_ASSET_PATHS = "\"Roomly/Preview Content\"";
				DEVELOPMENT_TEAM = M6A2R4JCSR;
				ENABLE_PREVIEWS = YES;
				GENERATE_INFOPLIST_FILE = YES;
				INFOPLIST_KEY_CFBundleDisplayName = Roomly;
				INFOPLIST_KEY_LSApplicationCategoryType = "public.app-category.weather";
				INFOPLIST_KEY_NSLocationWhenInUseUsageDescription = "Roomly uses your location to personalize local Weather Insights. Mock weather data is still used in this prototype.";
				INFOPLIST_KEY_UIApplicationSceneManifest_Generation = YES;
				INFOPLIST_KEY_UIApplicationSupportsIndirectInputEvents = YES;
				INFOPLIST_KEY_UILaunchScreen_Generation = YES;
				INFOPLIST_KEY_UISupportedInterfaceOrientations_iPad = "UIInterfaceOrientationPortrait UIInterfaceOrientationPortraitUpsideDown UIInterfaceOrientationLandscapeLeft UIInterfaceOrientationLandscapeRight";
				INFOPLIST_KEY_UISupportedInterfaceOrientations_iPhone = "UIInterfaceOrientationPortrait UIInterfaceOrientationLandscapeLeft UIInterfaceOrientationLandscapeRight";
				LD_RUNPATH_SEARCH_PATHS = (
					"$(inherited)",
					"@executable_path/Frameworks",
				);
				MARKETING_VERSION = 1.0;
				PRODUCT_BUNDLE_IDENTIFIER = com.khramkou.Roomly;
				PRODUCT_NAME = "$(TARGET_NAME)";
				SWIFT_EMIT_LOC_STRINGS = YES;
				SWIFT_VERSION = 5.0;
				TARGETED_DEVICE_FAMILY = "1,2";
			};
			name = Release;
		};
		1EA6472C2FB9F561004F58B9 /* Debug */ = {
			isa = XCBuildConfiguration;
			buildSettings = {
				ALWAYS_EMBED_SWIFT_STANDARD_LIBRARIES = YES;
				BUNDLE_LOADER = "$(TEST_HOST)";
				CODE_SIGN_STYLE = Automatic;
				CURRENT_PROJECT_VERSION = 1;
				GENERATE_INFOPLIST_FILE = YES;
				IPHONEOS_DEPLOYMENT_TARGET = 17.5;
				MARKETING_VERSION = 1.0;
				PRODUCT_BUNDLE_IDENTIFIER = com.khramkou.RoomlyTests;
				PRODUCT_NAME = "$(TARGET_NAME)";
				SWIFT_EMIT_LOC_STRINGS = NO;
				SWIFT_VERSION = 5.0;
				TARGETED_DEVICE_FAMILY = "1,2";
				TEST_HOST = "$(BUILT_PRODUCTS_DIR)/Roomly.app/$(BUNDLE_EXECUTABLE_FOLDER_PATH)/Roomly";
			};
			name = Debug;
		};
		1EA6472D2FB9F561004F58B9 /* Release */ = {
			isa = XCBuildConfiguration;
			buildSettings = {
				ALWAYS_EMBED_SWIFT_STANDARD_LIBRARIES = YES;
				BUNDLE_LOADER = "$(TEST_HOST)";
				CODE_SIGN_STYLE = Automatic;
				CURRENT_PROJECT_VERSION = 1;
				GENERATE_INFOPLIST_FILE = YES;
				IPHONEOS_DEPLOYMENT_TARGET = 17.5;
				MARKETING_VERSION = 1.0;
				PRODUCT_BUNDLE_IDENTIFIER = com.khramkou.RoomlyTests;
				PRODUCT_NAME = "$(TARGET_NAME)";
				SWIFT_EMIT_LOC_STRINGS = NO;
				SWIFT_VERSION = 5.0;
				TARGETED_DEVICE_FAMILY = "1,2";
				TEST_HOST = "$(BUILT_PRODUCTS_DIR)/Roomly.app/$(BUNDLE_EXECUTABLE_FOLDER_PATH)/Roomly";
			};
			name = Release;
		};
		1EA6472F2FB9F561004F58B9 /* Debug */ = {
			isa = XCBuildConfiguration;
			buildSettings = {
				ALWAYS_EMBED_SWIFT_STANDARD_LIBRARIES = YES;
				CODE_SIGN_STYLE = Automatic;
				CURRENT_PROJECT_VERSION = 1;
				GENERATE_INFOPLIST_FILE = YES;
				MARKETING_VERSION = 1.0;
				PRODUCT_BUNDLE_IDENTIFIER = com.khramkou.RoomlyUITests;
				PRODUCT_NAME = "$(TARGET_NAME)";
				SWIFT_EMIT_LOC_STRINGS = NO;
				SWIFT_VERSION = 5.0;
				TARGETED_DEVICE_FAMILY = "1,2";
				TEST_TARGET_NAME = Roomly;
			};
			name = Debug;
		};
		1EA647302FB9F561004F58B9 /* Release */ = {
			isa = XCBuildConfiguration;
			buildSettings = {
				ALWAYS_EMBED_SWIFT_STANDARD_LIBRARIES = YES;
				CODE_SIGN_STYLE = Automatic;
				CURRENT_PROJECT_VERSION = 1;
				GENERATE_INFOPLIST_FILE = YES;
				MARKETING_VERSION = 1.0;
				PRODUCT_BUNDLE_IDENTIFIER = com.khramkou.RoomlyUITests;
				PRODUCT_NAME = "$(TARGET_NAME)";
				SWIFT_EMIT_LOC_STRINGS = NO;
				SWIFT_VERSION = 5.0;
				TARGETED_DEVICE_FAMILY = "1,2";
				TEST_TARGET_NAME = Roomly;
			};
			name = Release;
		};
/* End XCBuildConfiguration section */

/* Begin XCConfigurationList section */
		1EA646FF2FB9F55E004F58B9 /* Build configuration list for PBXProject "Roomly" */ = {
			isa = XCConfigurationList;
			buildConfigurations = (
				1EA647262FB9F561004F58B9 /* Debug */,
				1EA647272FB9F561004F58B9 /* Release */,
			);
			defaultConfigurationIsVisible = 0;
			defaultConfigurationName = Release;
		};
		1EA647282FB9F561004F58B9 /* Build configuration list for PBXNativeTarget "Roomly" */ = {
			isa = XCConfigurationList;
			buildConfigurations = (
				1EA647292FB9F561004F58B9 /* Debug */,
				1EA6472A2FB9F561004F58B9 /* Release */,
			);
			defaultConfigurationIsVisible = 0;
			defaultConfigurationName = Release;
		};
		1EA6472B2FB9F561004F58B9 /* Build configuration list for PBXNativeTarget "RoomlyTests" */ = {
			isa = XCConfigurationList;
			buildConfigurations = (
				1EA6472C2FB9F561004F58B9 /* Debug */,
				1EA6472D2FB9F561004F58B9 /* Release */,
			);
			defaultConfigurationIsVisible = 0;
			defaultConfigurationName = Release;
		};
		1EA6472E2FB9F561004F58B9 /* Build configuration list for PBXNativeTarget "RoomlyUITests" */ = {
			isa = XCConfigurationList;
			buildConfigurations = (
				1EA6472F2FB9F561004F58B9 /* Debug */,
				1EA647302FB9F561004F58B9 /* Release */,
			);
			defaultConfigurationIsVisible = 0;
			defaultConfigurationName = Release;
		};
/* End XCConfigurationList section */
	};
	rootObject = 1EA646FC2FB9F55E004F58B9 /* Project object */;
}
